# Generated by pub
# See https://dart.dev/tools/pub/glossary#lockfile
packages:
  _fe_analyzer_shared:
    dependency: transitive
    description:
      name: _fe_analyzer_shared
      sha256: "024992294c574d13c407facc938e8205fc663ca3a7e7cdbf01aeb5d7ae53206b"
      url: "https://pub.dev"
    source: hosted
    version: "12.0.0"
  _flutterfire_internals:
    dependency: transitive
    description:
      name: _flutterfire_internals
      sha256: "3ff770dfff04a67b0863dff205a0936784de1b87a5e99b11c693fc10e66a9ce3"
      url: "https://pub.dev"
    source: hosted
    version: "1.0.12"
  analyzer:
    dependency: transitive
    description:
      name: analyzer
      sha256: "31eb680f1b04dcc84381a84311245d6cf389acdeaa0f3a61683650c8b026105b"
      url: "https://pub.dev"
    source: hosted
    version: "0.40.6"
  archive:
    dependency: transitive
    description:
      name: archive
      sha256: f06332efd7b0886705a929c5d3b52cda4d6d0979627c1dbe9a18fc24becf50ae
      url: "https://pub.dev"
    source: hosted
    version: "2.0.13"
  args:
    dependency: transitive
    description:
      name: args
      sha256: "6ba785824030bc97154264652acfd6a2dc699cd85f6def708fb7534d23ef1348"
      url: "https://pub.dev"
    source: hosted
    version: "1.6.0"
  async:
    dependency: transitive
    description:
      name: async
      sha256: bfe67ef28df125b7dddcea62755991f807aa39a2492a23e1550161692950bbe0
      url: "https://pub.dev"
    source: hosted
    version: "2.10.0"
  bazel_worker:
    dependency: transitive
    description:
      name: bazel_worker
      sha256: "45aea72e83bd3ed8923d51a5614c87cc04fa8ffb8392ddfb506db8126383cc62"
      url: "https://pub.dev"
    source: hosted
    version: "0.1.25"
  boolean_selector:
    dependency: transitive
    description:
      name: boolean_selector
      sha256: "6cfb5af12253eaf2b368f07bacc5a80d1301a071c73360d746b7f2e32d762c66"
      url: "https://pub.dev"
    source: hosted
    version: "2.1.1"
  browser_launcher:
    dependency: transitive
    description:
      name: browser_launcher
      sha256: "11b863471e31cca15d30ecf5fc29df0ea03b53be298b784cb659e07992317c46"
      url: "https://pub.dev"
    source: hosted
    version: "0.1.7"
  build:
    dependency: transitive
    description:
      name: build
      sha256: e59e11c0ea37cd49c6d1c5fb4c115ea842f34536c17d1e9bcec9d8013f19ce4f
      url: "https://pub.dev"
    source: hosted
    version: "1.5.2"
  build_config:
    dependency: transitive
    description:
      name: build_config
      sha256: "418225797ea30b93c0301d8911446c0be4e3c6e3b0e721225050fe5ba92c4175"
      url: "https://pub.dev"
    source: hosted
    version: "0.4.4"
  build_daemon:
    dependency: transitive
    description:
      name: build_daemon
      sha256: ceb531acc71e62a07f7a1065445e2567d9100914958f46690bb755a7e979c276
      url: "https://pub.dev"
    source: hosted
    version: "2.1.4"
  build_modules:
    dependency: transitive
    description:
      name: build_modules
      sha256: e971cd478080a583d4bb7f20cb6323d3c6d11cea675c9fc1e04e9dfbd978c6b5
      url: "https://pub.dev"
    source: hosted
    version: "3.0.1"
  build_resolvers:
    dependency: transitive
    description:
      name: build_resolvers
      sha256: "314294060f2985d90944de9b7017735669062381098d89dc6efdfbfa98d69ffd"
      url: "https://pub.dev"
    source: hosted
    version: "1.4.4"
  build_runner:
    dependency: "direct dev"
    description:
      name: build_runner
      sha256: "994ee0c6ea212d88f62f12325e9562ff4a8ed6f58a24072ac4fe716ea7befca3"
      url: "https://pub.dev"
    source: hosted
    version: "1.10.7"
  build_runner_core:
    dependency: transitive
    description:
      name: build_runner_core
      sha256: "3ef41452c0c6bc8d8412cb94fdb735c66058704b2080e78f0b9e0b4fda0289ce"
      url: "https://pub.dev"
    source: hosted
    version: "6.1.2"
  build_web_compilers:
    dependency: "direct dev"
    description:
      name: build_web_compilers
      sha256: "475b8404e00722763b9dfa45e3973dafcd11ae28beb7d0848c005b04d49fb65a"
      url: "https://pub.dev"
    source: hosted
    version: "2.12.2"
  built_collection:
    dependency: transitive
    description:
      name: built_collection
      sha256: "4b741b723310592422031210f77c9707ad1e5ea2a061eb21a8b5d8308a8b92be"
      url: "https://pub.dev"
    source: hosted
    version: "4.3.2"
  built_value:
    dependency: transitive
    description:
      name: built_value
      sha256: "8c7cbec28b45345725c379fd06dc05ea1e318291906c018bdd321644fdbb5df9"
      url: "https://pub.dev"
    source: hosted
    version: "7.1.0"
  camera:
    dependency: "direct main"
    description:
      name: camera
      sha256: "0ecbe685f575ce58b9241f67309fd3210fabac24a01b410b230c53eb6c2665f2"
      url: "https://pub.dev"
    source: hosted
    version: "0.5.8+11"
  characters:
    dependency: transitive
    description:
      name: characters
      sha256: e6a326c8af69605aec75ed6c187d06b349707a27fbff8222ca9cc2cff167975c
      url: "https://pub.dev"
    source: hosted
    version: "1.2.1"
  charcode:
    dependency: transitive
    description:
      name: charcode
      sha256: fb98c0f6d12c920a02ee2d998da788bca066ca5f148492b7085ee23372b12306
      url: "https://pub.dev"
    source: hosted
    version: "1.3.1"
  chart_sparkline:
    dependency: "direct main"
    description:
      name: chart_sparkline
      sha256: "3750f51782e33b676124f1b13ee6137b9b73a4c54bc4486e0a265fcd9913b457"
      url: "https://pub.dev"
    source: hosted
    version: "1.0.12"
  checked_yaml:
    dependency: transitive
    description:
      name: checked_yaml
      sha256: f49720937533374a869cc6da763346cee518df5d47db635311bb9b73a1de2b43
      url: "https://pub.dev"
    source: hosted
    version: "1.0.2"
  cli_util:
    dependency: transitive
    description:
      name: cli_util
      sha256: "169b78fc76cf2bb72bab114c6142a20ab7c4ceb7449f8fb8840bb15c9ef1ba27"
      url: "https://pub.dev"
    source: hosted
    version: "0.2.0"
  clock:
    dependency: transitive
    description:
      name: clock
      sha256: cb6d7f03e1de671e34607e909a7213e31d7752be4fb66a86d29fe1eb14bfb5cf
      url: "https://pub.dev"
    source: hosted
    version: "1.1.1"
  cloud_firestore:
    dependency: "direct main"
    description:
      name: cloud_firestore
      sha256: a851106a2169c15614047b75ea10d0346650352c6669ab482306572aa4ed9a7d
      url: "https://pub.dev"
    source: hosted
    version: "4.3.1"
  cloud_firestore_platform_interface:
    dependency: transitive
    description:
      name: cloud_firestore_platform_interface
      sha256: "1fac512fef2bfe84ca7f372defbd9dd8efb108be96854db9023739a5b2aa9977"
      url: "https://pub.dev"
    source: hosted
    version: "5.10.1"
  cloud_firestore_web:
    dependency: transitive
    description:
      name: cloud_firestore_web
      sha256: "3fd9581c1447b6e8db6d0f19d0140b196a70ecf582bd1f71e7141fe9abf10ddb"
      url: "https://pub.dev"
    source: hosted
    version: "3.2.1"
  code_builder:
    dependency: transitive
    description:
      name: code_builder
      sha256: "15385e1d0ba3c4a39993abdecc13917802d2e3d301ef9c5abed004703c05652b"
      url: "https://pub.dev"
    source: hosted
    version: "3.5.0"
  collection:
    dependency: transitive
    description:
      name: collection
      sha256: cfc915e6923fe5ce6e153b0723c753045de46de1b4d63771530504004a45fae0
      url: "https://pub.dev"
    source: hosted
    version: "1.17.0"
  convert:
    dependency: transitive
    description:
      name: convert
      sha256: "3fa83bc417e26f1d55814443a603747d48e3cdf55b2f4fea27dea8e9224dcefd"
      url: "https://pub.dev"
    source: hosted
    version: "2.1.1"
  crypto:
    dependency: transitive
    description:
      name: crypto
      sha256: "3ce628f3c6a7144be6c524dbb20ca5af52fa59c850c587bf5e52cd70ece8e7e8"
      url: "https://pub.dev"
    source: hosted
    version: "2.1.5"
  cupertino_icons:
    dependency: "direct main"
    description:
      name: cupertino_icons
      sha256: "518143a923a4c83ddc2fa0bfbbbd750d8e31d21d90ecad21b570ea94df9807b1"
      url: "https://pub.dev"
    source: hosted
    version: "1.0.0"
  dart_style:
    dependency: transitive
    description:
      name: dart_style
      sha256: "918f91b8bdd1ac67b0f638ce7998eae04cb9d5c703f60f97fb639aecbf2212ba"
      url: "https://pub.dev"
    source: hosted
    version: "1.3.10"
  date_format:
    dependency: "direct main"
    description:
      name: date_format
      sha256: "3a79385d29a28db695c3bbec611ced175e1c9cc32ee9b9bed237d6042c5f850a"
      url: "https://pub.dev"
    source: hosted
    version: "1.0.9"
  dds:
    dependency: transitive
    description:
      name: dds
      sha256: "20a506647d0dc9a74eefad0359333575f808eb35a822dbaea6082611f8f177dd"
      url: "https://pub.dev"
    source: hosted
    version: "1.6.0"
  devtools:
    dependency: transitive
    description:
      name: devtools
      sha256: "7d773ede3e90a495cf6eb3e4ac0192a30645fcc87304e3ab46f16d96e5d5dcb3"
      url: "https://pub.dev"
    source: hosted
    version: "0.9.3+4"
  devtools_server:
    dependency: transitive
    description:
      name: devtools_server
      sha256: "0a68b5d0a2e47526bb7d38742bec1942447d7161edd7f739bec952aa2c4aa01d"
      url: "https://pub.dev"
    source: hosted
    version: "0.9.3+4"
  devtools_shared:
    dependency: transitive
    description:
      name: devtools_shared
      sha256: "87cc3214d3b4172ce7b23e4f4257fecb967d74091eaca72b15e5cb5864e90a5a"
      url: "https://pub.dev"
    source: hosted
    version: "0.9.3+4"
  dwds:
    dependency: transitive
    description:
      name: dwds
      sha256: ec6ce3a88cd9842d23baed96073e97b4e8e77ca302bf10fd29088575418f656a
      url: "https://pub.dev"
    source: hosted
    version: "7.1.1"
  fake_async:
    dependency: transitive
    description:
      name: fake_async
      sha256: "511392330127add0b769b75a987850d136345d9227c6b94c96a04cf4a391bf78"
      url: "https://pub.dev"
    source: hosted
    version: "1.3.1"
  ffi:
    dependency: transitive
    description:
      name: ffi
      sha256: a38574032c5f1dd06c4aee541789906c12ccaab8ba01446e800d9c5b79c4a978
      url: "https://pub.dev"
    source: hosted
    version: "2.0.1"
  file:
    dependency: transitive
    description:
      name: file
      sha256: "1b92bec4fc2a72f59a8e15af5f52cd441e4a7860b49499d69dfa817af20e925d"
      url: "https://pub.dev"
    source: hosted
    version: "6.1.4"
  firebase_auth:
    dependency: "direct main"
    description:
      name: firebase_auth
      sha256: "3b0a070467c98130373052f539b80efdaaa8873163087b3aa5f91d1e857d43ac"
      url: "https://pub.dev"
    source: hosted
    version: "0.6.2+1"
  firebase_core:
    dependency: "direct main"
    description:
      name: firebase_core
      sha256: c129209ba55f3d4272c89fb4a4994c15bea77fb6de63a82d45fb6bc5c94e4355
      url: "https://pub.dev"
    source: hosted
    version: "2.4.1"
  firebase_core_platform_interface:
    dependency: transitive
    description:
      name: firebase_core_platform_interface
      sha256: "5fab93f5b354648efa62e7cc829c90efb68c8796eecf87e0888cae2d5f3accd4"
      url: "https://pub.dev"
    source: hosted
    version: "4.5.2"
  firebase_core_web:
    dependency: transitive
    description:
      name: firebase_core_web
      sha256: "18b35ce111b0a4266abf723c825bcf9d4e2519d13638cc7f06f2a8dd960c75bc"
      url: "https://pub.dev"
    source: hosted
    version: "2.1.0"
  firebase_database:
    dependency: "direct main"
    description:
      name: firebase_database
      sha256: d2ee0e52955cfd55ab716a48a71b85b727cde8542c4deb3a9013b2812dd1891e
      url: "https://pub.dev"
    source: hosted
    version: "10.0.9"
  firebase_database_platform_interface:
    dependency: transitive
    description:
      name: firebase_database_platform_interface
      sha256: "1329ade83b77b7b3158f1e9b3d332541ec398481b5d4ad213d94de7a575c07b6"
      url: "https://pub.dev"
    source: hosted
    version: "0.2.2+17"
  firebase_database_web:
    dependency: transitive
    description:
      name: firebase_database_web
      sha256: "8414131490173e20b165ccbc03f2ff141d7b0f2999edb9ea48d8d77249f93e9f"
      url: "https://pub.dev"
    source: hosted
    version: "0.2.1+19"
  fixnum:
    dependency: transitive
    description:
      name: fixnum
      sha256: "3b298dacb1898a8f5fddec19388b899b0f13195066b89fa66391e5e92f6c2052"
      url: "https://pub.dev"
    source: hosted
    version: "0.10.11"
  flutter:
    dependency: "direct main"
    description: flutter
    source: sdk
    version: "0.0.0"
  flutter_test:
    dependency: "direct dev"
    description: flutter
    source: sdk
    version: "0.0.0"
  flutter_web_plugins:
    dependency: transitive
    description: flutter
    source: sdk
    version: "0.0.0"
  glob:
    dependency: transitive
    description:
      name: glob
      sha256: "7a3d9aac121f4e7ec23ca7a32e383188ddd416dbaca7f5dc52c8fd98bbceb43b"
      url: "https://pub.dev"
    source: hosted
    version: "1.2.0"
  graphs:
    dependency: transitive
    description:
      name: graphs
      sha256: db4e50f399d69bf7349d4e99e8dabd74fad51c0574f36b8d3613ef465715af52
      url: "https://pub.dev"
    source: hosted
    version: "0.2.0"
  http:
    dependency: transitive
    description:
      name: http
      sha256: "411262398b34f52b9baac4860a1aa6e4779037ba9289c19b4cd16928efa97a2b"
      url: "https://pub.dev"
    source: hosted
    version: "0.12.2"
  http_multi_server:
    dependency: transitive
    description:
      name: http_multi_server
      sha256: "90daef58b775dc37bc409f4053763503f6544f6af7c910d2c2a7f1946554e5e5"
      url: "https://pub.dev"
    source: hosted
    version: "2.2.0"
  http_parser:
    dependency: transitive
    description:
      name: http_parser
      sha256: "9d2b0626e9e402fc98e6868360da8f256064d6c0b8e4c3edcca5e02fb0b95da9"
      url: "https://pub.dev"
    source: hosted
    version: "3.1.4"
  intl:
    dependency: "direct main"
    description:
      name: intl
      sha256: "4691515bb3f68ebbc4776bc97a84d429bb8e8c141a77b5ab988a4b02adb1747a"
      url: "https://pub.dev"
    source: hosted
    version: "0.16.1"
  io:
    dependency: transitive
    description:
      name: io
      sha256: "69955598ee18b1044fc2e5199a146ea871f59561d5fdda5bdf4cc80644d81a04"
      url: "https://pub.dev"
    source: hosted
    version: "0.3.4"
  js:
    dependency: transitive
    description:
      name: js
      sha256: "5528c2f391ededb7775ec1daa69e65a2d61276f7552de2b5f7b8d34ee9fd4ab7"
      url: "https://pub.dev"
    source: hosted
    version: "0.6.5"
  json_annotation:
    dependency: "direct main"
    description:
      name: json_annotation
      sha256: "6cec7404b25d6338c8cb7b30131cd6c760079a4ec1fa7846c55bdda91f9d2819"
      url: "https://pub.dev"
    source: hosted
    version: "3.1.1"
  json_rpc_2:
    dependency: transitive
    description:
      name: json_rpc_2
      sha256: "37c35bfeb12393cced89746f2bf55699fc6e87c16572ce5e4a0733cee87c3c9f"
      url: "https://pub.dev"
    source: hosted
    version: "2.2.2"
  json_serializable:
    dependency: "direct dev"
    description:
      name: json_serializable
      sha256: "698f328e4bb74eada871c42d3b57803c5a04e76cf3a122b11c0124b34ce4bab5"
      url: "https://pub.dev"
    source: hosted
    version: "3.5.1"
  logging:
    dependency: transitive
    description:
      name: logging
      sha256: "239402c239e2a390cf745af3a496fb985dc8f0b31b3f5fe0d460e42289d33ad7"
      url: "https://pub.dev"
    source: hosted
    version: "0.11.4"
  matcher:
    dependency: transitive
    description:
      name: matcher
      sha256: "16db949ceee371e9b99d22f88fa3a73c4e59fd0afed0bd25fc336eb76c198b72"
      url: "https://pub.dev"
    source: hosted
    version: "0.12.13"
  material_color_utilities:
    dependency: transitive
    description:
      name: material_color_utilities
      sha256: d92141dc6fe1dad30722f9aa826c7fbc896d021d792f80678280601aff8cf724
      url: "https://pub.dev"
    source: hosted
    version: "0.2.0"
  meta:
    dependency: transitive
    description:
      name: meta
      sha256: "6c268b42ed578a53088d834796959e4a1814b5e9e164f147f580a386e5decf42"
      url: "https://pub.dev"
    source: hosted
    version: "1.8.0"
  mime:
    dependency: transitive
    description:
      name: mime
      sha256: "5041f313f4e30fbd70dee7c0403785a4ee270f75830f590e5983960fddf743e4"
      url: "https://pub.dev"
    source: hosted
    version: "0.9.7"
  mock_data:
    dependency: "direct main"
    description:
      name: mock_data
      sha256: "6bb0ef1dbc31f5e3de364e0b7ba970a68798c3ef47773dc988a44cb6a3fb205e"
      url: "https://pub.dev"
    source: hosted
    version: "1.2.8"
  nested:
    dependency: transitive
    description:
      name: nested
      sha256: d3492747c400f5639b9d7d76a20d73b51581de20f8dab0d861d839e5a8aa6be5
      url: "https://pub.dev"
    source: hosted
    version: "0.0.4"
  node_interop:
    dependency: transitive
    description:
      name: node_interop
      sha256: "910d75f8589630cd197b8b7ec70e648bc380950b489b07bda1da0c5b20c4b8c1"
      url: "https://pub.dev"
    source: hosted
    version: "1.2.1"
  node_io:
    dependency: transitive
    description:
      name: node_io
      sha256: dd801d4b02543ac44af8869577a0a8a51bd92a886c4f8057664dd2514ef17b73
      url: "https://pub.dev"
    source: hosted
    version: "1.1.1"
  package_config:
    dependency: transitive
    description:
      name: package_config
      sha256: "08b3acb5f8c9736aaf26776864ea68441bb69a82d900cbce47cd962b3ddb12c9"
      url: "https://pub.dev"
    source: hosted
    version: "1.9.3"
  path:
    dependency: "direct main"
    description:
      name: path
      sha256: db9d4f58c908a4ba5953fcee2ae317c94889433e5024c27ce74a37f94267945b
      url: "https://pub.dev"
    source: hosted
    version: "1.8.2"
  path_provider:
    dependency: "direct main"
    description:
      name: path_provider
      sha256: dcea5feb97d8abf90cab9e9030b497fb7c3cbf26b7a1fe9e3ef7dcb0a1ddec95
      url: "https://pub.dev"
    source: hosted
    version: "2.0.12"
  path_provider_android:
    dependency: transitive
    description:
      name: path_provider_android
      sha256: a776c088d671b27f6e3aa8881d64b87b3e80201c64e8869b811325de7a76c15e
      url: "https://pub.dev"
    source: hosted
    version: "2.0.22"
  path_provider_foundation:
    dependency: transitive
    description:
      name: path_provider_foundation
      sha256: "62a68e7e1c6c459f9289859e2fae58290c981ce21d1697faf54910fe1faa4c74"
      url: "https://pub.dev"
    source: hosted
    version: "2.1.1"
  path_provider_linux:
    dependency: transitive
    description:
      name: path_provider_linux
      sha256: ab0987bf95bc591da42dffb38c77398fc43309f0b9b894dcc5d6f40c4b26c379
      url: "https://pub.dev"
    source: hosted
    version: "2.1.7"
  path_provider_platform_interface:
    dependency: transitive
    description:
      name: path_provider_platform_interface
      sha256: f0abc8ebd7253741f05488b4813d936b4d07c6bae3e86148a09e342ee4b08e76
      url: "https://pub.dev"
    source: hosted
    version: "2.0.5"
  path_provider_windows:
    dependency: transitive
    description:
      name: path_provider_windows
      sha256: bcabbe399d4042b8ee687e17548d5d3f527255253b4a639f5f8d2094a9c2b45c
      url: "https://pub.dev"
    source: hosted
    version: "2.1.3"
  pedantic:
    dependency: transitive
    description:
      name: pedantic
      sha256: e1d7612702b705bba0ca871035b8cc9f2f23164fe81240b76b4eeef350e4f500
      url: "https://pub.dev"
    source: hosted
    version: "1.9.2"
  pie_chart:
    dependency: "direct main"
    description:
      name: pie_chart
      sha256: "6371b32ce4dc8cb4cf67322b0277d7d22b69dccd29c5fe333d04d8bf7cdd7a21"
      url: "https://pub.dev"
    source: hosted
    version: "4.0.1"
  platform:
    dependency: transitive
    description:
      name: platform
      sha256: "4a451831508d7d6ca779f7ac6e212b4023dd5a7d08a27a63da33756410e32b76"
      url: "https://pub.dev"
    source: hosted
    version: "3.1.0"
  plugin_platform_interface:
    dependency: transitive
    description:
      name: plugin_platform_interface
      sha256: dbf0f707c78beedc9200146ad3cb0ab4d5da13c246336987be6940f026500d3a
      url: "https://pub.dev"
    source: hosted
    version: "2.1.3"
  pool:
    dependency: transitive
    description:
      name: pool
      sha256: d5aa3ff42fe4f3a938c65f3c397895e5f888aea567ad7a5056f700e775c4b363
      url: "https://pub.dev"
    source: hosted
    version: "1.4.0"
  process:
    dependency: transitive
    description:
      name: process
      sha256: "53fd8db9cec1d37b0574e12f07520d582019cb6c44abf5479a01505099a34a09"
      url: "https://pub.dev"
    source: hosted
    version: "4.2.4"
  protobuf:
    dependency: transitive
    description:
      name: protobuf
      sha256: "7f8c5bfc9f29a0f02fa70f65e4561b45530eaaa613bb4f4c5ba39cf22f51c09d"
      url: "https://pub.dev"
    source: hosted
    version: "1.1.0"
  provider:
    dependency: "direct main"
    description:
      name: provider
      sha256: "18154baee2bf88724605a09060e228c663bc68f52132d267870a81e8cadcbf66"
      url: "https://pub.dev"
    source: hosted
    version: "4.3.2+2"
  pub_semver:
    dependency: transitive
    description:
      name: pub_semver
      sha256: "3c51ec0aaeccb85cacfe824816c60e1e3c53da586c64e1166422a906a4f7251c"
      url: "https://pub.dev"
    source: hosted
    version: "1.4.4"
  pubspec_parse:
    dependency: transitive
    description:
      name: pubspec_parse
      sha256: e274c9f1defcff2e45b1734d03f3c9c1591a4fa448c92069057326ec889bbe04
      url: "https://pub.dev"
    source: hosted
    version: "0.1.5"
  quiver:
    dependency: transitive
    description:
      name: quiver
      sha256: e83f7ad1e6375da1400b54eea8793bba804d1731d68c5694490bf9296cd3ca24
      url: "https://pub.dev"
    source: hosted
    version: "2.1.5"
  scratch_space:
    dependency: transitive
    description:
      name: scratch_space
      sha256: "6c0b147674612d505ef80d9a2f1d75ef28ca7cdb69f41518563ce3ecb32ce672"
      url: "https://pub.dev"
    source: hosted
    version: "0.0.4+2"
  shelf:
    dependency: transitive
    description:
      name: shelf
      sha256: d16d1197f877e814f767be03c1c5940a397ae0ddb46dcfb9b5465074bb80ee37
      url: "https://pub.dev"
    source: hosted
    version: "0.7.9"
  shelf_packages_handler:
    dependency: transitive
    description:
      name: shelf_packages_handler
      sha256: cafe5a04a661287b8053e8ff6066261e6562eadb88e7d9fe85da8d7ae94e5728
      url: "https://pub.dev"
    source: hosted
    version: "2.0.0"
  shelf_proxy:
    dependency: transitive
    description:
      name: shelf_proxy
      sha256: "814287fc47c73bc43d16854b8ca45a8621152681eeb1fb2dff4c49a390259ac1"
      url: "https://pub.dev"
    source: hosted
    version: "0.1.0+7"
  shelf_static:
    dependency: transitive
    description:
      name: shelf_static
      sha256: "2020a57c81286e98b485c4b3ec55cbdd11aea03d96414c50e82d95e9ea690224"
      url: "https://pub.dev"
    source: hosted
    version: "0.2.8"
  shelf_web_socket:
    dependency: transitive
    description:
      name: shelf_web_socket
      sha256: "31ff82cb8d68bc39a938fdced96b17ef7239c28151028b4d7e80ca027b886ec7"
      url: "https://pub.dev"
    source: hosted
    version: "0.2.3"
  sky_engine:
    dependency: transitive
    description: flutter
    source: sdk
    version: "0.0.99"
  source_gen:
    dependency: transitive
    description:
      name: source_gen
      sha256: "8979d98fd8236d4c2444dca9929ae53fdc7b3fb287624f435d34f2dab412037c"
      url: "https://pub.dev"
    source: hosted
    version: "0.9.9"
  source_maps:
    dependency: transitive
    description:
      name: source_maps
      sha256: "651a090e98727d604285b7b5019fd083aa62200a5cc66a02aca04e42420a8b4c"
      url: "https://pub.dev"
    source: hosted
    version: "0.10.9"
  source_span:
    dependency: transitive
    description:
      name: source_span
      sha256: dd904f795d4b4f3b870833847c461801f6750a9fa8e61ea5ac53f9422b31f250
      url: "https://pub.dev"
    source: hosted
    version: "1.9.1"
  sse:
    dependency: transitive
    description:
      name: sse
      sha256: a260e59acc905e0de23c0282ad7ef26c13a86b9e00b0fa53bf49bfcad07c54a1
      url: "https://pub.dev"
    source: hosted
    version: "3.6.0"
  stack_trace:
    dependency: transitive
    description:
      name: stack_trace
      sha256: c3c7d8edb15bee7f0f74debd4b9c5f3c2ea86766fe4178eb2a18eb30a0bdaed5
      url: "https://pub.dev"
    source: hosted
    version: "1.11.0"
  stream_channel:
    dependency: transitive
    description:
      name: stream_channel
      sha256: "83615bee9045c1d322bbbd1ba209b7a749c2cbcdcb3fdd1df8eb488b3279c1c8"
      url: "https://pub.dev"
    source: hosted
    version: "2.1.1"
  stream_transform:
    dependency: transitive
    description:
      name: stream_transform
      sha256: "0727efc56e75321979e4e29c4b0dd26885b689fef7f35262ed9b4f5e4a52454a"
      url: "https://pub.dev"
    source: hosted
    version: "1.2.0"
  string_scanner:
    dependency: transitive
    description:
      name: string_scanner
      sha256: "556692adab6cfa87322a115640c11f13cb77b3f076ddcc5d6ae3c20242bedcde"
      url: "https://pub.dev"
    source: hosted
    version: "1.2.0"
  term_glyph:
    dependency: transitive
    description:
      name: term_glyph
      sha256: a29248a84fbb7c79282b40b8c72a1209db169a2e0542bce341da992fe1bc7e84
      url: "https://pub.dev"
    source: hosted
    version: "1.2.1"
  test_api:
    dependency: transitive
    description:
      name: test_api
      sha256: ad540f65f92caa91bf21dfc8ffb8c589d6e4dc0c2267818b4cc2792857706206
      url: "https://pub.dev"
    source: hosted
    version: "0.4.16"
  timing:
    dependency: transitive
    description:
      name: timing
      sha256: faf8a00fc05606fdf5a275c198604b49c0b3f00fe35284704eea77f2040d1215
      url: "https://pub.dev"
    source: hosted
    version: "0.1.1+2"
  typed_data:
    dependency: transitive
    description:
      name: typed_data
      sha256: "26f87ade979c47a150c9eaab93ccd2bebe70a27dc0b4b29517f2904f04eb11a5"
      url: "https://pub.dev"
    source: hosted
    version: "1.3.1"
  usage:
    dependency: transitive
    description:
      name: usage
      sha256: b570ca6282b2b3418c9d1362d536533087917183ccc97f45667800411a92ed50
      url: "https://pub.dev"
    source: hosted
    version: "3.4.2"
  uuid:
    dependency: transitive
    description:
      name: uuid
      sha256: bd96a5d86e807b44cac699f9735ef29d1e3354a96f4b2f7152000bae4c6d81b0
      url: "https://pub.dev"
    source: hosted
    version: "2.2.2"
  vector_math:
    dependency: transitive
    description:
      name: vector_math
      sha256: "80b3257d1492ce4d091729e3a67a60407d227c27241d6927be0130c98e741803"
      url: "https://pub.dev"
    source: hosted
    version: "2.1.4"
  vm_service:
    dependency: transitive
    description:
      name: vm_service
      sha256: ec8861f85bf8037ebdb453066879ece9d0f25fdac42cd2ff4d43b47239d0f8aa
      url: "https://pub.dev"
    source: hosted
    version: "5.5.0"
  watcher:
    dependency: transitive
    description:
      name: watcher
      sha256: c0b32652d41aa3c5053309286d96c4659f0d3001db9c97422c8700f163aa80e7
      url: "https://pub.dev"
    source: hosted
    version: "0.9.7+15"
  watson_assistant:
    dependency: "direct main"
    description:
      name: watson_assistant
      sha256: b36c6f0ea6f05758c4cec25a90837dff436f88935ceacc0fb25cc20f08dff9c8
      url: "https://pub.dev"
    source: hosted
    version: "0.0.3"
  web_socket_channel:
    dependency: transitive
    description:
      name: web_socket_channel
      sha256: "7712c6d1d3f1ad9b7f6da95c3898fd39c60592307475bef76f10ab388ec258de"
      url: "https://pub.dev"
    source: hosted
    version: "1.1.0"
  webdev:
    dependency: "direct main"
    description:
      name: webdev
      sha256: "3e47be0efd8f8bef591e6f1dc58d2ba9dce0fa34c5218a33e7db7ad39746fe44"
      url: "https://pub.dev"
    source: hosted
    version: "2.7.1"
  webkit_inspection_protocol:
    dependency: transitive
    description:
      name: webkit_inspection_protocol
      sha256: "32dba9001b314df144673aa1b565378ffc350e1ad6cd6ff62db247be56537747"
      url: "https://pub.dev"
    source: hosted
    version: "0.7.4"
  win32:
    dependency: transitive
    description:
      name: win32
      sha256: c9ebe7ee4ab0c2194e65d3a07d8c54c5d00bb001b76081c4a04cdb8448b59e46
      url: "https://pub.dev"
    source: hosted
    version: "3.1.3"
  xdg_directories:
    dependency: transitive
    description:
      name: xdg_directories
      sha256: bd512f03919aac5f1313eb8249f223bacf4927031bf60b02601f81f687689e86
      url: "https://pub.dev"
    source: hosted
    version: "0.2.0+3"
  yaml:
    dependency: transitive
    description:
      name: yaml
      sha256: "5ec3d7ffef5a113f664e4c61c08508e23acb2d87021645468967200d684b9274"
      url: "https://pub.dev"
    source: hosted
    version: "2.2.1"
sdks:
  dart: ">=2.18.0 <3.0.0"
  flutter: ">=3.0.0"
